
Microsoft Visual Studio Solution File, Format Version 12.00
# Visual Studio 15
VisualStudioVersion = 15.0.28307.572
MinimumVisualStudioVersion = 10.0.40219.1
Project("{FAE04EC0-301F-11D3-BF4B-00C04F79EFBC}") = "Lab17", "Lab17\Lab17.csproj", "{76AE0C78-76D0-4B27-84FF-CFD07D4CA86B}"
EndProject
Global
	GlobalSection(SolutionConfigurationPlatforms) = preSolution
		Debug|Any CPU = Debug|Any CPU
		Release|Any CPU = Release|Any CPU
	EndGlobalSection
	GlobalSection(ProjectConfigurationPlatforms) = postSolution
		{76AE0C78-76D0-4B27-84FF-CFD07D4CA86B}.Debug|Any CPU.ActiveCfg = Debug|Any CPU
		{76AE0C78-76D0-4B27-84FF-CFD07D4CA86B}.Debug|Any CPU.Build.0 = Debug|Any CPU
		{76AE0C78-76D0-4B27-84FF-CFD07D4CA86B}.Release|Any CPU.ActiveCfg = Release|Any CPU
		{76AE0C78-76D0-4B27-84FF-CFD07D4CA86B}.Release|Any CPU.Build.0 = Release|Any CPU
	EndGlobalSection
	GlobalSection(SolutionProperties) = preSolution
		HideSolutionNode = FALSE
	EndGlobalSection
	GlobalSection(ExtensibilityGlobals) = postSolution
		SolutionGuid = {805D37A8-CAFC-4B09-8B83-71FDB9282623}
	EndGlobalSection
EndGlobal
